
Microsoft Visual Studio Solution File, Format Version 12.00
# Visual Studio Version 17
VisualStudioVersion = 17.6.33829.357
MinimumVisualStudioVersion = 10.0.40219.1
Project("{2150E333-8FDC-42A3-9474-1A3956D46DE8}") = "Application", "Application", "{3687EE81-FC05-4B0B-B966-BDE1B62EDD03}"
EndProject
Project("{FAE04EC0-301F-11D3-BF4B-00C04F79EFBC}") = "Mike.Application", "Mike.Application\Mike.Application.csproj", "{13FF1841-68EF-4CBE-B4CE-9395DF9A49AF}"
EndProject
Project("{2150E333-8FDC-42A3-9474-1A3956D46DE8}") = "Domain", "Domain", "{A4526C5E-19C4-4806-978B-9587A895AB4B}"
EndProject
Project("{FAE04EC0-301F-11D3-BF4B-00C04F79EFBC}") = "Mike.Domain", "Mike.Domain\Mike.Domain.csproj", "{B4CBD1B2-8507-4CCC-8F63-17D0C26469A8}"
EndProject
Project("{2150E333-8FDC-42A3-9474-1A3956D46DE8}") = "InfraEstructure", "InfraEstructure", "{AD72B6D7-0525-4FEC-9850-65F36D9C0D4E}"
EndProject
Project("{2150E333-8FDC-42A3-9474-1A3956D46DE8}") = "CrossCutting", "CrossCutting", "{20B0C3C9-5D08-470E-955C-0EF6ACE6A61E}"
EndProject
Project("{FAE04EC0-301F-11D3-BF4B-00C04F79EFBC}") = "Mike.InfraEstructure.CrossCutting", "Mike.InfraEstructure.CrossCutting\Mike.InfraEstructure.CrossCutting.csproj", "{507B02A5-511D-4E98-A923-7D3F27013185}"
EndProject
Project("{2150E333-8FDC-42A3-9474-1A3956D46DE8}") = "Data", "Data", "{1303A24B-98D0-4C6B-8A0A-29BB091CC960}"
EndProject
Project("{FAE04EC0-301F-11D3-BF4B-00C04F79EFBC}") = "Mike.InfraEstructure.Data", "Mike.InfraEstructure.Data\Mike.InfraEstructure.Data.csproj", "{BCB944D2-4A2F-49B5-B71F-84E1E04BBD68}"
EndProject
Project("{2150E333-8FDC-42A3-9474-1A3956D46DE8}") = "Services", "Services", "{6E313A19-0683-4FB3-9803-BBA63A4AD35F}"
EndProject
Project("{FAE04EC0-301F-11D3-BF4B-00C04F79EFBC}") = "Mike.Interface", "Mike.Interface\Mike.Interface.csproj", "{62518AF5-8B30-4E6B-830E-0C488D1945A8}"
EndProject
Project("{FAE04EC0-301F-11D3-BF4B-00C04F79EFBC}") = "Mike.Service", "Mike.Service\Mike.Service.csproj", "{230BE008-1651-45BC-A390-1538295144DE}"
EndProject
Project("{2150E333-8FDC-42A3-9474-1A3956D46DE8}") = "Shared", "Shared", "{02F93C5A-E4FF-4A64-8716-6CBB937F8A9A}"
EndProject
Project("{FAE04EC0-301F-11D3-BF4B-00C04F79EFBC}") = "Mike.Shared", "Mike.Shared\Mike.Shared.csproj", "{F79FB78B-322C-4832-87A4-1DEDA4F333CB}"
EndProject
Project("{2150E333-8FDC-42A3-9474-1A3956D46DE8}") = "Tests", "Tests", "{DEDCFF6B-CED4-47F2-9DBE-15F22C8F657A}"
EndProject
Project("{FAE04EC0-301F-11D3-BF4B-00C04F79EFBC}") = "Mike.Tests", "Mike.Tests\Mike.Tests.csproj", "{847CDD9B-7F63-4900-B05E-0574741630D4}"
EndProject
Global
	GlobalSection(SolutionConfigurationPlatforms) = preSolution
		Debug|Any CPU = Debug|Any CPU
		Release|Any CPU = Release|Any CPU
	EndGlobalSection
	GlobalSection(ProjectConfigurationPlatforms) = postSolution
		{13FF1841-68EF-4CBE-B4CE-9395DF9A49AF}.Debug|Any CPU.ActiveCfg = Debug|Any CPU
		{13FF1841-68EF-4CBE-B4CE-9395DF9A49AF}.Debug|Any CPU.Build.0 = Debug|Any CPU
		{13FF1841-68EF-4CBE-B4CE-9395DF9A49AF}.Release|Any CPU.ActiveCfg = Release|Any CPU
		{13FF1841-68EF-4CBE-B4CE-9395DF9A49AF}.Release|Any CPU.Build.0 = Release|Any CPU
		{B4CBD1B2-8507-4CCC-8F63-17D0C26469A8}.Debug|Any CPU.ActiveCfg = Debug|Any CPU
		{B4CBD1B2-8507-4CCC-8F63-17D0C26469A8}.Debug|Any CPU.Build.0 = Debug|Any CPU
		{B4CBD1B2-8507-4CCC-8F63-17D0C26469A8}.Release|Any CPU.ActiveCfg = Release|Any CPU
		{B4CBD1B2-8507-4CCC-8F63-17D0C26469A8}.Release|Any CPU.Build.0 = Release|Any CPU
		{507B02A5-511D-4E98-A923-7D3F27013185}.Debug|Any CPU.ActiveCfg = Debug|Any CPU
		{507B02A5-511D-4E98-A923-7D3F27013185}.Debug|Any CPU.Build.0 = Debug|Any CPU
		{507B02A5-511D-4E98-A923-7D3F27013185}.Release|Any CPU.ActiveCfg = Release|Any CPU
		{507B02A5-511D-4E98-A923-7D3F27013185}.Release|Any CPU.Build.0 = Release|Any CPU
		{BCB944D2-4A2F-49B5-B71F-84E1E04BBD68}.Debug|Any CPU.ActiveCfg = Debug|Any CPU
		{BCB944D2-4A2F-49B5-B71F-84E1E04BBD68}.Debug|Any CPU.Build.0 = Debug|Any CPU
		{BCB944D2-4A2F-49B5-B71F-84E1E04BBD68}.Release|Any CPU.ActiveCfg = Release|Any CPU
		{BCB944D2-4A2F-49B5-B71F-84E1E04BBD68}.Release|Any CPU.Build.0 = Release|Any CPU
		{62518AF5-8B30-4E6B-830E-0C488D1945A8}.Debug|Any CPU.ActiveCfg = Debug|Any CPU
		{62518AF5-8B30-4E6B-830E-0C488D1945A8}.Debug|Any CPU.Build.0 = Debug|Any CPU
		{62518AF5-8B30-4E6B-830E-0C488D1945A8}.Release|Any CPU.ActiveCfg = Release|Any CPU
		{62518AF5-8B30-4E6B-830E-0C488D1945A8}.Release|Any CPU.Build.0 = Release|Any CPU
		{230BE008-1651-45BC-A390-1538295144DE}.Debug|Any CPU.ActiveCfg = Debug|Any CPU
		{230BE008-1651-45BC-A390-1538295144DE}.Debug|Any CPU.Build.0 = Debug|Any CPU
		{230BE008-1651-45BC-A390-1538295144DE}.Release|Any CPU.ActiveCfg = Release|Any CPU
		{230BE008-1651-45BC-A390-1538295144DE}.Release|Any CPU.Build.0 = Release|Any CPU
		{F79FB78B-322C-4832-87A4-1DEDA4F333CB}.Debug|Any CPU.ActiveCfg = Debug|Any CPU
		{F79FB78B-322C-4832-87A4-1DEDA4F333CB}.Debug|Any CPU.Build.0 = Debug|Any CPU
		{F79FB78B-322C-4832-87A4-1DEDA4F333CB}.Release|Any CPU.ActiveCfg = Release|Any CPU
		{F79FB78B-322C-4832-87A4-1DEDA4F333CB}.Release|Any CPU.Build.0 = Release|Any CPU
		{847CDD9B-7F63-4900-B05E-0574741630D4}.Debug|Any CPU.ActiveCfg = Debug|Any CPU
		{847CDD9B-7F63-4900-B05E-0574741630D4}.Debug|Any CPU.Build.0 = Debug|Any CPU
		{847CDD9B-7F63-4900-B05E-0574741630D4}.Release|Any CPU.ActiveCfg = Release|Any CPU
		{847CDD9B-7F63-4900-B05E-0574741630D4}.Release|Any CPU.Build.0 = Release|Any CPU
	EndGlobalSection
	GlobalSection(SolutionProperties) = preSolution
		HideSolutionNode = FALSE
	EndGlobalSection
	GlobalSection(NestedProjects) = preSolution
		{13FF1841-68EF-4CBE-B4CE-9395DF9A49AF} = {3687EE81-FC05-4B0B-B966-BDE1B62EDD03}
		{B4CBD1B2-8507-4CCC-8F63-17D0C26469A8} = {A4526C5E-19C4-4806-978B-9587A895AB4B}
		{20B0C3C9-5D08-470E-955C-0EF6ACE6A61E} = {AD72B6D7-0525-4FEC-9850-65F36D9C0D4E}
		{507B02A5-511D-4E98-A923-7D3F27013185} = {20B0C3C9-5D08-470E-955C-0EF6ACE6A61E}
		{1303A24B-98D0-4C6B-8A0A-29BB091CC960} = {AD72B6D7-0525-4FEC-9850-65F36D9C0D4E}
		{BCB944D2-4A2F-49B5-B71F-84E1E04BBD68} = {1303A24B-98D0-4C6B-8A0A-29BB091CC960}
		{62518AF5-8B30-4E6B-830E-0C488D1945A8} = {6E313A19-0683-4FB3-9803-BBA63A4AD35F}
		{230BE008-1651-45BC-A390-1538295144DE} = {6E313A19-0683-4FB3-9803-BBA63A4AD35F}
		{F79FB78B-322C-4832-87A4-1DEDA4F333CB} = {02F93C5A-E4FF-4A64-8716-6CBB937F8A9A}
		{847CDD9B-7F63-4900-B05E-0574741630D4} = {DEDCFF6B-CED4-47F2-9DBE-15F22C8F657A}
	EndGlobalSection
	GlobalSection(ExtensibilityGlobals) = postSolution
		SolutionGuid = {142679FE-2B5D-43C7-9A03-3264120CAEEF}
	EndGlobalSection
EndGlobal
